
Microsoft Visual Studio Solution File, Format Version 12.00
# Visual Studio Version 16
VisualStudioVersion = 16.0.29519.181
MinimumVisualStudioVersion = 10.0.40219.1
Project("{FAE04EC0-301F-11D3-BF4B-00C04F79EFBC}") = "LocationMaster_FE", "LocationMaster_FE\LocationMaster_FE.csproj", "{1A0B35C7-0DD9-4E45-A217-67DDCB503EA6}"
EndProject
Global
	GlobalSection(SolutionConfigurationPlatforms) = preSolution
		Debug|Any CPU = Debug|Any CPU
		Release|Any CPU = Release|Any CPU
	EndGlobalSection
	GlobalSection(ProjectConfigurationPlatforms) = postSolution
		{1A0B35C7-0DD9-4E45-A217-67DDCB503EA6}.Debug|Any CPU.ActiveCfg = Debug|Any CPU
		{1A0B35C7-0DD9-4E45-A217-67DDCB503EA6}.Debug|Any CPU.Build.0 = Debug|Any CPU
		{1A0B35C7-0DD9-4E45-A217-67DDCB503EA6}.Release|Any CPU.ActiveCfg = Release|Any CPU
		{1A0B35C7-0DD9-4E45-A217-67DDCB503EA6}.Release|Any CPU.Build.0 = Release|Any CPU
	EndGlobalSection
	GlobalSection(SolutionProperties) = preSolution
		HideSolutionNode = FALSE
	EndGlobalSection
	GlobalSection(ExtensibilityGlobals) = postSolution
		SolutionGuid = {AD254703-BBD8-44BA-8D1D-9FAB33A5DA18}
	EndGlobalSection
EndGlobal
