
Microsoft Visual Studio Solution File, Format Version 12.00
# Visual Studio Version 16
VisualStudioVersion = 16.0.29519.181
MinimumVisualStudioVersion = 10.0.40219.1
Project("{FAE04EC0-301F-11D3-BF4B-00C04F79EFBC}") = "ChatTry3", "ChatTry3\ChatTry3.csproj", "{3C8C11EE-F300-49A0-8452-5CF2756CA9EE}"
EndProject
Global
	GlobalSection(SolutionConfigurationPlatforms) = preSolution
		Debug|Any CPU = Debug|Any CPU
		Release|Any CPU = Release|Any CPU
	EndGlobalSection
	GlobalSection(ProjectConfigurationPlatforms) = postSolution
		{3C8C11EE-F300-49A0-8452-5CF2756CA9EE}.Debug|Any CPU.ActiveCfg = Debug|Any CPU
		{3C8C11EE-F300-49A0-8452-5CF2756CA9EE}.Debug|Any CPU.Build.0 = Debug|Any CPU
		{3C8C11EE-F300-49A0-8452-5CF2756CA9EE}.Release|Any CPU.ActiveCfg = Release|Any CPU
		{3C8C11EE-F300-49A0-8452-5CF2756CA9EE}.Release|Any CPU.Build.0 = Release|Any CPU
	EndGlobalSection
	GlobalSection(SolutionProperties) = preSolution
		HideSolutionNode = FALSE
	EndGlobalSection
	GlobalSection(ExtensibilityGlobals) = postSolution
		SolutionGuid = {986262FF-30D0-4392-BD12-D2B364FEFFC2}
	EndGlobalSection
EndGlobal
